schema: '2.0'
stages:
  process:
    cmd: python src/preprocessing/process.py
    deps:
    - path: data/raw/x_data.csv
      hash: md5
      md5: c936389910c88bb29bf2c438af3476df
      size: 54129120
    - path: data/raw/y_data.csv
      hash: md5
      md5: 52d45c998ddc0c10f05987bb233ff5e7
      size: 906705
    - path: src/preprocessing/process.py
      hash: md5
      md5: 4a5619325889e74fc320fec4743c469b
      size: 2118
    outs:
    - path: data/processed/merged.csv
      hash: md5
      md5: 2e532ae3802c11f79ec2e1b2e2f904c2
      size: 58981851
  split:
    cmd: python src/preprocessing/split.py --test_size 0.2 --val_size 0.1 --unseen_size
      0.9
    deps:
    - path: data/processed/merged.csv
      hash: md5
      md5: 2e532ae3802c11f79ec2e1b2e2f904c2
      size: 58981851
    - path: src/preprocessing/split.py
      hash: md5
      md5: 10a4c7f60021e7112e93862a1b1af118
      size: 1555
    params:
      params.yaml:
        split.test_size: 0.2
        split.unseen_size: 0.9
        split.val_size: 0.1
    outs:
    - path: data/processed/test.csv
      hash: md5
      md5: 98386096088d620dbacb37de0fb03311
      size: 1140542
    - path: data/processed/train.csv
      hash: md5
      md5: e93c34dc06d07577daf52ac0be293f10
      size: 4073266
    - path: data/processed/unseen.csv
      hash: md5
      md5: 6f19d071bfa865ccda63a8dc8db3e1b6
      size: 53178951
    - path: data/processed/val.csv
      hash: md5
      md5: b1c9a4b28915deb2bb4b4a93d4353457
      size: 589197
